
Microsoft Visual Studio Solution File, Format Version 12.00
# Visual Studio Version 16
VisualStudioVersion = 16.0.32901.82
MinimumVisualStudioVersion = 10.0.40219.1
Project("{8BC9CEB8-8B4A-11D0-8D11-00A0C91BC942}") = "OpenGLCherno", "OpenGLCherno\OpenGLCherno.vcxproj", "{338C10C9-394B-4021-8410-924EE3E6A488}"
EndProject
Global
	GlobalSection(SolutionConfigurationPlatforms) = preSolution
		Debug|x64 = Debug|x64
		Debug|x86 = Debug|x86
		Release|x64 = Release|x64
		Release|x86 = Release|x86
	EndGlobalSection
	GlobalSection(ProjectConfigurationPlatforms) = postSolution
		{338C10C9-394B-4021-8410-924EE3E6A488}.Debug|x64.ActiveCfg = Debug|x64
		{338C10C9-394B-4021-8410-924EE3E6A488}.Debug|x64.Build.0 = Debug|x64
		{338C10C9-394B-4021-8410-924EE3E6A488}.Debug|x86.ActiveCfg = Debug|Win32
		{338C10C9-394B-4021-8410-924EE3E6A488}.Debug|x86.Build.0 = Debug|Win32
		{338C10C9-394B-4021-8410-924EE3E6A488}.Release|x64.ActiveCfg = Release|x64
		{338C10C9-394B-4021-8410-924EE3E6A488}.Release|x64.Build.0 = Release|x64
		{338C10C9-394B-4021-8410-924EE3E6A488}.Release|x86.ActiveCfg = Release|Win32
		{338C10C9-394B-4021-8410-924EE3E6A488}.Release|x86.Build.0 = Release|Win32
	EndGlobalSection
	GlobalSection(SolutionProperties) = preSolution
		HideSolutionNode = FALSE
	EndGlobalSection
	GlobalSection(ExtensibilityGlobals) = postSolution
		SolutionGuid = {9E315395-135D-4541-8B84-98A7D8FBEB91}
	EndGlobalSection
EndGlobal
